// !$*UTF8*$!
{
	archiveVersion = 1;
	classes = {
	};
	objectVersion = 46;
	objects = {

/* Begin PBXBuildFile section */
		15FF77B91C16FCE3000624EC /* AppDelegate.swift in Sources */ = {isa = PBXBuildFile; fileRef = 15FF77B81C16FCE3000624EC /* AppDelegate.swift */; };
		15FF77BB1C16FCE3000624EC /* ViewController.swift in Sources */ = {isa = PBXBuildFile; fileRef = 15FF77BA1C16FCE3000624EC /* ViewController.swift */; };
		15FF77BE1C16FCE3000624EC /* Main.storyboard in Resources */ = {isa = PBXBuildFile; fileRef = 15FF77BC1C16FCE3000624EC /* Main.storyboard */; };
		15FF77C11C16FCE3000624EC /* SwiftyReachability.xcdatamodeld in Sources */ = {isa = PBXBuildFile; fileRef = 15FF77BF1C16FCE3000624EC /* SwiftyReachability.xcdatamodeld */; };
		15FF77C31C16FCE3000624EC /* Assets.xcassets in Resources */ = {isa = PBXBuildFile; fileRef = 15FF77C21C16FCE3000624EC /* Assets.xcassets */; };
		15FF77C61C16FCE3000624EC /* LaunchScreen.storyboard in Resources */ = {isa = PBXBuildFile; fileRef = 15FF77C41C16FCE3000624EC /* LaunchScreen.storyboard */; };
		15FF77D11C16FCE3000624EC /* SwiftyReachabilityTests.swift in Sources */ = {isa = PBXBuildFile; fileRef = 15FF77D01C16FCE3000624EC /* SwiftyReachabilityTests.swift */; };
		15FF77DC1C16FCE3000624EC /* SwiftyReachabilityUITests.swift in Sources */ = {isa = PBXBuildFile; fileRef = 15FF77DB1C16FCE3000624EC /* SwiftyReachabilityUITests.swift */; };
/* End PBXBuildFile section */

/* Begin PBXContainerItemProxy section */
		15FF77CD1C16FCE3000624EC /* PBXContainerItemProxy */ = {
			isa = PBXContainerItemProxy;
			containerPortal = 15FF77AD1C16FCE3000624EC /* Project object */;
			proxyType = 1;
			remoteGlobalIDString = 15FF77B41C16FCE3000624EC;
			remoteInfo = SwiftyReachability;
		};
		15FF77D81C16FCE3000624EC /* PBXContainerItemProxy */ = {
			isa = PBXContainerItemProxy;
			containerPortal = 15FF77AD1C16FCE3000624EC /* Project object */;
			proxyType = 1;
			remoteGlobalIDString = 15FF77B41C16FCE3000624EC;
			remoteInfo = SwiftyReachability;
		};
/* End PBXContainerItemProxy section */

/* Begin PBXFileReference section */
		15FF77B51C16FCE3000624EC /* SwiftyReachability.app */ = {isa = PBXFileReference; explicitFileType = wrapper.application; includeInIndex = 0; path = SwiftyReachability.app; sourceTree = BUILT_PRODUCTS_DIR; };
		15FF77B81C16FCE3000624EC /* AppDelegate.swift */ = {isa = PBXFileReference; lastKnownFileType = sourcecode.swift; path = AppDelegate.swift; sourceTree = "<group>"; };
		15FF77BA1C16FCE3000624EC /* ViewController.swift */ = {isa = PBXFileReference; lastKnownFileType = sourcecode.swift; path = ViewController.swift; sourceTree = "<group>"; };
		15FF77BD1C16FCE3000624EC /* Base */ = {isa = PBXFileReference; lastKnownFileType = file.storyboard; name = Base; path = Base.lproj/Main.storyboard; sourceTree = "<group>"; };
		15FF77C01C16FCE3000624EC /* SwiftyReachability.xcdatamodel */ = {isa = PBXFileReference; lastKnownFileType = wrapper.xcdatamodel; path = SwiftyReachability.xcdatamodel; sourceTree = "<group>"; };
		15FF77C21C16FCE3000624EC /* Assets.xcassets */ = {isa = PBXFileReference; lastKnownFileType = folder.assetcatalog; path = Assets.xcassets; sourceTree = "<group>"; };
		15FF77C51C16FCE3000624EC /* Base */ = {isa = PBXFileReference; lastKnownFileType = file.storyboard; name = Base; path = Base.lproj/LaunchScreen.storyboard; sourceTree = "<group>"; };
		15FF77C71C16FCE3000624EC /* Info.plist */ = {isa = PBXFileReference; lastKnownFileType = text.plist.xml; path = Info.plist; sourceTree = "<group>"; };
		15FF77CC1C16FCE3000624EC /* SwiftyReachabilityTests.xctest */ = {isa = PBXFileReference; explicitFileType = wrapper.cfbundle; includeInIndex = 0; path = SwiftyReachabilityTests.xctest; sourceTree = BUILT_PRODUCTS_DIR; };
		15FF77D01C16FCE3000624EC /* SwiftyReachabilityTests.swift */ = {isa = PBXFileReference; lastKnownFileType = sourcecode.swift; path = SwiftyReachabilityTests.swift; sourceTree = "<group>"; };
		15FF77D21C16FCE3000624EC /* Info.plist */ = {isa = PBXFileReference; lastKnownFileType = text.plist.xml; path = Info.plist; sourceTree = "<group>"; };
		15FF77D71C16FCE3000624EC /* SwiftyReachabilityUITests.xctest */ = {isa = PBXFileReference; explicitFileType = wrapper.cfbundle; includeInIndex = 0; path = SwiftyReachabilityUITests.xctest; sourceTree = BUILT_PRODUCTS_DIR; };
		15FF77DB1C16FCE3000624EC /* SwiftyReachabilityUITests.swift */ = {isa = PBXFileReference; lastKnownFileType = sourcecode.swift; path = SwiftyReachabilityUITests.swift; sourceTree = "<group>"; };
		15FF77DD1C16FCE3000624EC /* Info.plist */ = {isa = PBXFileReference; lastKnownFileType = text.plist.xml; path = Info.plist; sourceTree = "<group>"; };
/* End PBXFileReference section */

/* Begin PBXFrameworksBuildPhase section */
		15FF77B21C16FCE3000624EC /* Frameworks */ = {
			isa = PBXFrameworksBuildPhase;
			buildActionMask = 2147483647;
			files = (
			);
			runOnlyForDeploymentPostprocessing = 0;
		};
		15FF77C91C16FCE3000624EC /* Frameworks */ = {
			isa = PBXFrameworksBuildPhase;
			buildActionMask = 2147483647;
			files = (
			);
			runOnlyForDeploymentPostprocessing = 0;
		};
		15FF77D41C16FCE3000624EC /* Frameworks */ = {
			isa = PBXFrameworksBuildPhase;
			buildActionMask = 2147483647;
			files = (
			);
			runOnlyForDeploymentPostprocessing = 0;
		};
/* End PBXFrameworksBuildPhase section */

/* Begin PBXGroup section */
		15FF77AC1C16FCE3000624EC = {
			isa = PBXGroup;
			children = (
				15FF77B71C16FCE3000624EC /* SwiftyReachability */,
				15FF77CF1C16FCE3000624EC /* SwiftyReachabilityTests */,
				15FF77DA1C16FCE3000624EC /* SwiftyReachabilityUITests */,
				15FF77B61C16FCE3000624EC /* Products */,
			);
			sourceTree = "<group>";
		};
		15FF77B61C16FCE3000624EC /* Products */ = {
			isa = PBXGroup;
			children = (
				15FF77B51C16FCE3000624EC /* SwiftyReachability.app */,
				15FF77CC1C16FCE3000624EC /* SwiftyReachabilityTests.xctest */,
				15FF77D71C16FCE3000624EC /* SwiftyReachabilityUITests.xctest */,
			);
			name = Products;
			sourceTree = "<group>";
		};
		15FF77B71C16FCE3000624EC /* SwiftyReachability */ = {
			isa = PBXGroup;
			children = (
				15FF77B81C16FCE3000624EC /* AppDelegate.swift */,
				15FF77BA1C16FCE3000624EC /* ViewController.swift */,
				15FF77BC1C16FCE3000624EC /* Main.storyboard */,
				15FF77C21C16FCE3000624EC /* Assets.xcassets */,
				15FF77C41C16FCE3000624EC /* LaunchScreen.storyboard */,
				15FF77C71C16FCE3000624EC /* Info.plist */,
				15FF77BF1C16FCE3000624EC /* SwiftyReachability.xcdatamodeld */,
			);
			path = SwiftyReachability;
			sourceTree = "<group>";
		};
		15FF77CF1C16FCE3000624EC /* SwiftyReachabilityTests */ = {
			isa = PBXGroup;
			children = (
				15FF77D01C16FCE3000624EC /* SwiftyReachabilityTests.swift */,
				15FF77D21C16FCE3000624EC /* Info.plist */,
			);
			path = SwiftyReachabilityTests;
			sourceTree = "<group>";
		};
		15FF77DA1C16FCE3000624EC /* SwiftyReachabilityUITests */ = {
			isa = PBXGroup;
			children = (
				15FF77DB1C16FCE3000624EC /* SwiftyReachabilityUITests.swift */,
				15FF77DD1C16FCE3000624EC /* Info.plist */,
			);
			path = SwiftyReachabilityUITests;
			sourceTree = "<group>";
		};
/* End PBXGroup section */

/* Begin PBXNativeTarget section */
		15FF77B41C16FCE3000624EC /* SwiftyReachability */ = {
			isa = PBXNativeTarget;
			buildConfigurationList = 15FF77E01C16FCE3000624EC /* Build configuration list for PBXNativeTarget "SwiftyReachability" */;
			buildPhases = (
				15FF77B11C16FCE3000624EC /* Sources */,
				15FF77B21C16FCE3000624EC /* Frameworks */,
				15FF77B31C16FCE3000624EC /* Resources */,
			);
			buildRules = (
			);
			dependencies = (
			);
			name = SwiftyReachability;
			productName = SwiftyReachability;
			productReference = 15FF77B51C16FCE3000624EC /* SwiftyReachability.app */;
			productType = "com.apple.product-type.application";
		};
		15FF77CB1C16FCE3000624EC /* SwiftyReachabilityTests */ = {
			isa = PBXNativeTarget;
			buildConfigurationList = 15FF77E31C16FCE3000624EC /* Build configuration list for PBXNativeTarget "SwiftyReachabilityTests" */;
			buildPhases = (
				15FF77C81C16FCE3000624EC /* Sources */,
				15FF77C91C16FCE3000624EC /* Frameworks */,
				15FF77CA1C16FCE3000624EC /* Resources */,
			);
			buildRules = (
			);
			dependencies = (
				15FF77CE1C16FCE3000624EC /* PBXTargetDependency */,
			);
			name = SwiftyReachabilityTests;
			productName = SwiftyReachabilityTests;
			productReference = 15FF77CC1C16FCE3000624EC /* SwiftyReachabilityTests.xctest */;
			productType = "com.apple.product-type.bundle.unit-test";
		};
		15FF77D61C16FCE3000624EC /* SwiftyReachabilityUITests */ = {
			isa = PBXNativeTarget;
			buildConfigurationList = 15FF77E61C16FCE3000624EC /* Build configuration list for PBXNativeTarget "SwiftyReachabilityUITests" */;
			buildPhases = (
				15FF77D31C16FCE3000624EC /* Sources */,
				15FF77D41C16FCE3000624EC /* Frameworks */,
				15FF77D51C16FCE3000624EC /* Resources */,
			);
			buildRules = (
			);
			dependencies = (
				15FF77D91C16FCE3000624EC /* PBXTargetDependency */,
			);
			name = SwiftyReachabilityUITests;
			productName = SwiftyReachabilityUITests;
			productReference = 15FF77D71C16FCE3000624EC /* SwiftyReachabilityUITests.xctest */;
			productType = "com.apple.product-type.bundle.ui-testing";
		};
/* End PBXNativeTarget section */

/* Begin PBXProject section */
		15FF77AD1C16FCE3000624EC /* Project object */ = {
			isa = PBXProject;
			attributes = {
				LastSwiftUpdateCheck = 0710;
				LastUpgradeCheck = 0710;
				ORGANIZATIONNAME = "Sugam Kalra";
				TargetAttributes = {
					15FF77B41C16FCE3000624EC = {
						CreatedOnToolsVersion = 7.1.1;
					};
					15FF77CB1C16FCE3000624EC = {
						CreatedOnToolsVersion = 7.1.1;
						TestTargetID = 15FF77B41C16FCE3000624EC;
					};
					15FF77D61C16FCE3000624EC = {
						CreatedOnToolsVersion = 7.1.1;
						TestTargetID = 15FF77B41C16FCE3000624EC;
					};
				};
			};
			buildConfigurationList = 15FF77B01C16FCE3000624EC /* Build configuration list for PBXProject "SwiftyReachability" */;
			compatibilityVersion = "Xcode 3.2";
			developmentRegion = English;
			hasScannedForEncodings = 0;
			knownRegions = (
				en,
				Base,
			);
			mainGroup = 15FF77AC1C16FCE3000624EC;
			productRefGroup = 15FF77B61C16FCE3000624EC /* Products */;
			projectDirPath = "";
			projectRoot = "";
			targets = (
				15FF77B41C16FCE3000624EC /* SwiftyReachability */,
				15FF77CB1C16FCE3000624EC /* SwiftyReachabilityTests */,
				15FF77D61C16FCE3000624EC /* SwiftyReachabilityUITests */,
			);
		};
/* End PBXProject section */

/* Begin PBXResourcesBuildPhase section */
		15FF77B31C16FCE3000624EC /* Resources */ = {
			isa = PBXResourcesBuildPhase;
			buildActionMask = 2147483647;
			files = (
				15FF77C61C16FCE3000624EC /* LaunchScreen.storyboard in Resources */,
				15FF77C31C16FCE3000624EC /* Assets.xcassets in Resources */,
				15FF77BE1C16FCE3000624EC /* Main.storyboard in Resources */,
			);
			runOnlyForDeploymentPostprocessing = 0;
		};
		15FF77CA1C16FCE3000624EC /* Resources */ = {
			isa = PBXResourcesBuildPhase;
			buildActionMask = 2147483647;
			files = (
			);
			runOnlyForDeploymentPostprocessing = 0;
		};
		15FF77D51C16FCE3000624EC /* Resources */ = {
			isa = PBXResourcesBuildPhase;
			buildActionMask = 2147483647;
			files = (
			);
			runOnlyForDeploymentPostprocessing = 0;
		};
/* End PBXResourcesBuildPhase section */

/* Begin PBXSourcesBuildPhase section */
		15FF77B11C16FCE3000624EC /* Sources */ = {
			isa = PBXSourcesBuildPhase;
			buildActionMask = 2147483647;
			files = (
				15FF77C11C16FCE3000624EC /* SwiftyReachability.xcdatamodeld in Sources */,
				15FF77BB1C16FCE3000624EC /* ViewController.swift in Sources */,
				15FF77B91C16FCE3000624EC /* AppDelegate.swift in Sources */,
			);
			runOnlyForDeploymentPostprocessing = 0;
		};
		15FF77C81C16FCE3000624EC /* Sources */ = {
			isa = PBXSourcesBuildPhase;
			buildActionMask = 2147483647;
			files = (
				15FF77D11C16FCE3000624EC /* SwiftyReachabilityTests.swift in Sources */,
			);
			runOnlyForDeploymentPostprocessing = 0;
		};
		15FF77D31C16FCE3000624EC /* Sources */ = {
			isa = PBXSourcesBuildPhase;
			buildActionMask = 2147483647;
			files = (
				15FF77DC1C16FCE3000624EC /* SwiftyReachabilityUITests.swift in Sources */,
			);
			runOnlyForDeploymentPostprocessing = 0;
		};
/* End PBXSourcesBuildPhase section */

/* Begin PBXTargetDependency section */
		15FF77CE1C16FCE3000624EC /* PBXTargetDependency */ = {
			isa = PBXTargetDependency;
			target = 15FF77B41C16FCE3000624EC /* SwiftyReachability */;
			targetProxy = 15FF77CD1C16FCE3000624EC /* PBXContainerItemProxy */;
		};
		15FF77D91C16FCE3000624EC /* PBXTargetDependency */ = {
			isa = PBXTargetDependency;
			target = 15FF77B41C16FCE3000624EC /* SwiftyReachability */;
			targetProxy = 15FF77D81C16FCE3000624EC /* PBXContainerItemProxy */;
		};
/* End PBXTargetDependency section */

/* Begin PBXVariantGroup section */
		15FF77BC1C16FCE3000624EC /* Main.storyboard */ = {
			isa = PBXVariantGroup;
			children = (
				15FF77BD1C16FCE3000624EC /* Base */,
			);
			name = Main.storyboard;
			sourceTree = "<group>";
		};
		15FF77C41C16FCE3000624EC /* LaunchScreen.storyboard */ = {
			isa = PBXVariantGroup;
			children = (
				15FF77C51C16FCE3000624EC /* Base */,
			);
			name = LaunchScreen.storyboard;
			sourceTree = "<group>";
		};
/* End PBXVariantGroup section */

/* Begin XCBuildConfiguration section */
		15FF77DE1C16FCE3000624EC /* Debug */ = {
			isa = XCBuildConfiguration;
			buildSettings = {
				ALWAYS_SEARCH_USER_PATHS = NO;
				CLANG_CXX_LANGUAGE_STANDARD = "gnu++0x";
				CLANG_CXX_LIBRARY = "libc++";
				CLANG_ENABLE_MODULES = YES;
				CLANG_ENABLE_OBJC_ARC = YES;
				CLANG_WARN_BOOL_CONVERSION = YES;
				CLANG_WARN_CONSTANT_CONVERSION = YES;
				CLANG_WARN_DIRECT_OBJC_ISA_USAGE = YES_ERROR;
				CLANG_WARN_EMPTY_BODY = YES;
				CLANG_WARN_ENUM_CONVERSION = YES;
				CLANG_WARN_INT_CONVERSION = YES;
				CLANG_WARN_OBJC_ROOT_CLASS = YES_ERROR;
				CLANG_WARN_UNREACHABLE_CODE = YES;
				CLANG_WARN__DUPLICATE_METHOD_MATCH = YES;
				"CODE_SIGN_IDENTITY[sdk=iphoneos*]" = "iPhone Developer";
				COPY_PHASE_STRIP = NO;
				DEBUG_INFORMATION_FORMAT = dwarf;
				ENABLE_STRICT_OBJC_MSGSEND = YES;
				ENABLE_TESTABILITY = YES;
				GCC_C_LANGUAGE_STANDARD = gnu99;
				GCC_DYNAMIC_NO_PIC = NO;
				GCC_NO_COMMON_BLOCKS = YES;
				GCC_OPTIMIZATION_LEVEL = 0;
				GCC_PREPROCESSOR_DEFINITIONS = (
					"DEBUG=1",
					"$(inherited)",
				);
				GCC_WARN_64_TO_32_BIT_CONVERSION = YES;
				GCC_WARN_ABOUT_RETURN_TYPE = YES_ERROR;
				GCC_WARN_UNDECLARED_SELECTOR = YES;
				GCC_WARN_UNINITIALIZED_AUTOS = YES_AGGRESSIVE;
				GCC_WARN_UNUSED_FUNCTION = YES;
				GCC_WARN_UNUSED_VARIABLE = YES;
				IPHONEOS_DEPLOYMENT_TARGET = 9.1;
				MTL_ENABLE_DEBUG_INFO = YES;
				ONLY_ACTIVE_ARCH = YES;
				SDKROOT = iphoneos;
				SWIFT_OPTIMIZATION_LEVEL = "-Onone";
			};
			name = Debug;
		};
		15FF77DF1C16FCE3000624EC /* Release */ = {
			isa = XCBuildConfiguration;
			buildSettings = {
				ALWAYS_SEARCH_USER_PATHS = NO;
				CLANG_CXX_LANGUAGE_STANDARD = "gnu++0x";
				CLANG_CXX_LIBRARY = "libc++";
				CLANG_ENABLE_MODULES = YES;
				CLANG_ENABLE_OBJC_ARC = YES;
				CLANG_WARN_BOOL_CONVERSION = YES;
				CLANG_WARN_CONSTANT_CONVERSION = YES;
				CLANG_WARN_DIRECT_OBJC_ISA_USAGE = YES_ERROR;
				CLANG_WARN_EMPTY_BODY = YES;
				CLANG_WARN_ENUM_CONVERSION = YES;
				CLANG_WARN_INT_CONVERSION = YES;
				CLANG_WARN_OBJC_ROOT_CLASS = YES_ERROR;
				CLANG_WARN_UNREACHABLE_CODE = YES;
				CLANG_WARN__DUPLICATE_METHOD_MATCH = YES;
				"CODE_SIGN_IDENTITY[sdk=iphoneos*]" = "iPhone Developer";
				COPY_PHASE_STRIP = NO;
				DEBUG_INFORMATION_FORMAT = "dwarf-with-dsym";
				ENABLE_NS_ASSERTIONS = NO;
				ENABLE_STRICT_OBJC_MSGSEND = YES;
				GCC_C_LANGUAGE_STANDARD = gnu99;
				GCC_NO_COMMON_BLOCKS = YES;
				GCC_WARN_64_TO_32_BIT_CONVERSION = YES;
				GCC_WARN_ABOUT_RETURN_TYPE = YES_ERROR;
				GCC_WARN_UNDECLARED_SELECTOR = YES;
				GCC_WARN_UNINITIALIZED_AUTOS = YES_AGGRESSIVE;
				GCC_WARN_UNUSED_FUNCTION = YES;
				GCC_WARN_UNUSED_VARIABLE = YES;
				IPHONEOS_DEPLOYMENT_TARGET = 9.1;
				MTL_ENABLE_DEBUG_INFO = NO;
				SDKROOT = iphoneos;
				VALIDATE_PRODUCT = YES;
			};
			name = Release;
		};
		15FF77E11C16FCE3000624EC /* Debug */ = {
			isa = XCBuildConfiguration;
			buildSettings = {
				ASSETCATALOG_COMPILER_APPICON_NAME = AppIcon;
				INFOPLIST_FILE = SwiftyReachability/Info.plist;
				LD_RUNPATH_SEARCH_PATHS = "$(inherited) @executable_path/Frameworks";
				PRODUCT_BUNDLE_IDENTIFIER = com.Appirio.SwiftyReachability;
				PRODUCT_NAME = "$(TARGET_NAME)";
			};
			name = Debug;
		};
		15FF77E21C16FCE3000624EC /* Release */ = {
			isa = XCBuildConfiguration;
			buildSettings = {
				ASSETCATALOG_COMPILER_APPICON_NAME = AppIcon;
				INFOPLIST_FILE = SwiftyReachability/Info.plist;
				LD_RUNPATH_SEARCH_PATHS = "$(inherited) @executable_path/Frameworks";
				PRODUCT_BUNDLE_IDENTIFIER = com.Appirio.SwiftyReachability;
				PRODUCT_NAME = "$(TARGET_NAME)";
			};
			name = Release;
		};
		15FF77E41C16FCE3000624EC /* Debug */ = {
			isa = XCBuildConfiguration;
			buildSettings = {
				BUNDLE_LOADER = "$(TEST_HOST)";
				INFOPLIST_FILE = SwiftyReachabilityTests/Info.plist;
				LD_RUNPATH_SEARCH_PATHS = "$(inherited) @executable_path/Frameworks @loader_path/Frameworks";
				PRODUCT_BUNDLE_IDENTIFIER = com.Appirio.SwiftyReachabilityTests;
				PRODUCT_NAME = "$(TARGET_NAME)";
				TEST_HOST = "$(BUILT_PRODUCTS_DIR)/SwiftyReachability.app/SwiftyReachability";
			};
			name = Debug;
		};
		15FF77E51C16FCE3000624EC /* Release */ = {
			isa = XCBuildConfiguration;
			buildSettings = {
				BUNDLE_LOADER = "$(TEST_HOST)";
				INFOPLIST_FILE = SwiftyReachabilityTests/Info.plist;
				LD_RUNPATH_SEARCH_PATHS = "$(inherited) @executable_path/Frameworks @loader_path/Frameworks";
				PRODUCT_BUNDLE_IDENTIFIER = com.Appirio.SwiftyReachabilityTests;
				PRODUCT_NAME = "$(TARGET_NAME)";
				TEST_HOST = "$(BUILT_PRODUCTS_DIR)/SwiftyReachability.app/SwiftyReachability";
			};
			name = Release;
		};
		15FF77E71C16FCE3000624EC /* Debug */ = {
			isa = XCBuildConfiguration;
			buildSettings = {
				INFOPLIST_FILE = SwiftyReachabilityUITests/Info.plist;
				LD_RUNPATH_SEARCH_PATHS = "$(inherited) @executable_path/Frameworks @loader_path/Frameworks";
				PRODUCT_BUNDLE_IDENTIFIER = com.Appirio.SwiftyReachabilityUITests;
				PRODUCT_NAME = "$(TARGET_NAME)";
				TEST_TARGET_NAME = SwiftyReachability;
				USES_XCTRUNNER = YES;
			};
			name = Debug;
		};
		15FF77E81C16FCE3000624EC /* Release */ = {
			isa = XCBuildConfiguration;
			buildSettings = {
				INFOPLIST_FILE = SwiftyReachabilityUITests/Info.plist;
				LD_RUNPATH_SEARCH_PATHS = "$(inherited) @executable_path/Frameworks @loader_path/Frameworks";
				PRODUCT_BUNDLE_IDENTIFIER = com.Appirio.SwiftyReachabilityUITests;
				PRODUCT_NAME = "$(TARGET_NAME)";
				TEST_TARGET_NAME = SwiftyReachability;
				USES_XCTRUNNER = YES;
			};
			name = Release;
		};
/* End XCBuildConfiguration section */

/* Begin XCConfigurationList section */
		15FF77B01C16FCE3000624EC /* Build configuration list for PBXProject "SwiftyReachability" */ = {
			isa = XCConfigurationList;
			buildConfigurations = (
				15FF77DE1C16FCE3000624EC /* Debug */,
				15FF77DF1C16FCE3000624EC /* Release */,
			);
			defaultConfigurationIsVisible = 0;
			defaultConfigurationName = Release;
		};
		15FF77E01C16FCE3000624EC /* Build configuration list for PBXNativeTarget "SwiftyReachability" */ = {
			isa = XCConfigurationList;
			buildConfigurations = (
				15FF77E11C16FCE3000624EC /* Debug */,
				15FF77E21C16FCE3000624EC /* Release */,
			);
			defaultConfigurationIsVisible = 0;
		};
		15FF77E31C16FCE3000624EC /* Build configuration list for PBXNativeTarget "SwiftyReachabilityTests" */ = {
			isa = XCConfigurationList;
			buildConfigurations = (
				15FF77E41C16FCE3000624EC /* Debug */,
				15FF77E51C16FCE3000624EC /* Release */,
			);
			defaultConfigurationIsVisible = 0;
		};
		15FF77E61C16FCE3000624EC /* Build configuration list for PBXNativeTarget "SwiftyReachabilityUITests" */ = {
			isa = XCConfigurationList;
			buildConfigurations = (
				15FF77E71C16FCE3000624EC /* Debug */,
				15FF77E81C16FCE3000624EC /* Release */,
			);
			defaultConfigurationIsVisible = 0;
		};
/* End XCConfigurationList section */

/* Begin XCVersionGroup section */
		15FF77BF1C16FCE3000624EC /* SwiftyReachability.xcdatamodeld */ = {
			isa = XCVersionGroup;
			children = (
				15FF77C01C16FCE3000624EC /* SwiftyReachability.xcdatamodel */,
			);
			currentVersion = 15FF77C01C16FCE3000624EC /* SwiftyReachability.xcdatamodel */;
			path = SwiftyReachability.xcdatamodeld;
			sourceTree = "<group>";
			versionGroupType = wrapper.xcdatamodel;
		};
/* End XCVersionGroup section */
	};
	rootObject = 15FF77AD1C16FCE3000624EC /* Project object */;
}
